
Microsoft Visual Studio Solution File, Format Version 12.00
# Visual Studio 15
VisualStudioVersion = 15.0.28307.2017
MinimumVisualStudioVersion = 10.0.40219.1
Project("{FAE04EC0-301F-11D3-BF4B-00C04F79EFBC}") = "WebApiDB", "WebApiDB\WebApiDB.csproj", "{38A09801-8251-496B-8405-0C277F54C129}"
EndProject
Project("{FAE04EC0-301F-11D3-BF4B-00C04F79EFBC}") = "WebApiHttpClient", "WebApiHttpClient\WebApiHttpClient.csproj", "{D774DDFF-2489-4117-982F-C59164F07B17}"
EndProject
Global
	GlobalSection(SolutionConfigurationPlatforms) = preSolution
		Debug|Any CPU = Debug|Any CPU
		Release|Any CPU = Release|Any CPU
	EndGlobalSection
	GlobalSection(ProjectConfigurationPlatforms) = postSolution
		{38A09801-8251-496B-8405-0C277F54C129}.Debug|Any CPU.ActiveCfg = Debug|Any CPU
		{38A09801-8251-496B-8405-0C277F54C129}.Debug|Any CPU.Build.0 = Debug|Any CPU
		{38A09801-8251-496B-8405-0C277F54C129}.Release|Any CPU.ActiveCfg = Release|Any CPU
		{38A09801-8251-496B-8405-0C277F54C129}.Release|Any CPU.Build.0 = Release|Any CPU
		{D774DDFF-2489-4117-982F-C59164F07B17}.Debug|Any CPU.ActiveCfg = Debug|Any CPU
		{D774DDFF-2489-4117-982F-C59164F07B17}.Debug|Any CPU.Build.0 = Debug|Any CPU
		{D774DDFF-2489-4117-982F-C59164F07B17}.Release|Any CPU.ActiveCfg = Release|Any CPU
		{D774DDFF-2489-4117-982F-C59164F07B17}.Release|Any CPU.Build.0 = Release|Any CPU
	EndGlobalSection
	GlobalSection(SolutionProperties) = preSolution
		HideSolutionNode = FALSE
	EndGlobalSection
	GlobalSection(ExtensibilityGlobals) = postSolution
		SolutionGuid = {2C0FAE7D-059E-4670-BD93-544FD44F7283}
	EndGlobalSection
EndGlobal
